
Microsoft Visual Studio Solution File, Format Version 12.00
# Visual Studio 15
VisualStudioVersion = 15.0.28307.572
MinimumVisualStudioVersion = 10.0.40219.1
Project("{FAE04EC0-301F-11D3-BF4B-00C04F79EFBC}") = "3. Демонстрация возможности передачи методам объектов", "Возможности передачи методам объектов\3. Демонстрация возможности передачи методам объектов.csproj", "{E813A825-8B5B-4ED6-A4F2-A15C12E4B84E}"
EndProject
Project("{FAE04EC0-301F-11D3-BF4B-00C04F79EFBC}") = "2.  Демонстрация использование класса Stack", "Демонстрация использование класса Stack\2.  Демонстрация использование класса Stack.csproj", "{A27724C3-5DA3-4D3F-BFED-E3EAAD4E7300}"
EndProject
Project("{FAE04EC0-301F-11D3-BF4B-00C04F79EFBC}") = "6. Использование модификатора ref", "Использование модификатора ref\6. Использование модификатора ref.csproj", "{0CA04ECF-31C0-4A16-AA6D-B996334E6654}"
EndProject
Project("{FAE04EC0-301F-11D3-BF4B-00C04F79EFBC}") = "1. Сравнение доступа к открытым и закрытым членам класса", "Спецификаторы доступа C#\1. Сравнение доступа к открытым и закрытым членам класса.csproj", "{7FC01FD3-B5DA-4995-AA14-8EAE73A80523}"
EndProject
Project("{FAE04EC0-301F-11D3-BF4B-00C04F79EFBC}") = "7. Использование модификатора out", "Использование модификатора out\7. Использование модификатора out.csproj", "{54D4F1F1-0DF1-4FC9-9B93-AB6919EFD6DB}"
EndProject
Project("{FAE04EC0-301F-11D3-BF4B-00C04F79EFBC}") = "8. Демонстрация использования двух out-параметров", "Демонстрация использования двух out-параметров\8. Демонстрация использования двух out-параметров.csproj", "{F4A73F35-EA43-4ADB-823A-AAB96A33D892}"
EndProject
Project("{FAE04EC0-301F-11D3-BF4B-00C04F79EFBC}") = "9. Использование ref и out для ссылочных параметров", "Использование ref и out для ссылочных параметров\9. Использование ref и out для ссылочных параметров.csproj", "{B7BD77C4-9596-4F19-B249-242D51F948DC}"
EndProject
Project("{FAE04EC0-301F-11D3-BF4B-00C04F79EFBC}") = "p10. Демонстрация использования модификатора params", "Использование переменного количества\p10. Демонстрация использования модификатора params.csproj", "{C70F33BA-0F58-43A7-B655-994A2CB4EF0D}"
EndProject
Project("{FAE04EC0-301F-11D3-BF4B-00C04F79EFBC}") = "p12. Демонстрация возвращения методом объекта", "Демонстрация возвращения методом объекта\p12. Демонстрация возвращения методом объекта.csproj", "{856B887D-0F9C-4F67-9B37-6E8904F4E1CE}"
EndProject
Project("{FAE04EC0-301F-11D3-BF4B-00C04F79EFBC}") = "p12.1. Использование фабрики класса", "Использование фабрики класса\p12.1. Использование фабрики класса.csproj", "{5C055EAD-3B38-44E4-AA4D-DC2D81F402A7}"
EndProject
Project("{FAE04EC0-301F-11D3-BF4B-00C04F79EFBC}") = "p13. Возвращение методами массивов", "Возвращение методами массивов\p13. Возвращение методами массивов.csproj", "{993BF362-CE7B-4867-964B-FEA32FF99865}"
EndProject
Project("{FAE04EC0-301F-11D3-BF4B-00C04F79EFBC}") = "p14. Демонстрация перегрузки методов", "Демонстрация перегрузки методов\p14. Демонстрация перегрузки методов.csproj", "{9B1D1726-C36B-4C70-BB44-616E783AD203}"
EndProject
Project("{FAE04EC0-301F-11D3-BF4B-00C04F79EFBC}") = "p15. Возможность автоматического преобразования типов", "Возможность автоматического преобразования типов\p15. Возможность автоматического преобразования типов.csproj", "{71CF6D35-D3EC-4E27-97AC-FB5997F8CDFB}"
EndProject
Project("{FAE04EC0-301F-11D3-BF4B-00C04F79EFBC}") = "p16. Добавление к Возможность автоматического преобразования типов", "Добавление к Возможность автоматического преобразования типов\p16. Добавление к Возможность автоматического преобразования типов.csproj", "{6BFEB293-8946-40AB-B118-E93087C01212}"
EndProject
Project("{FAE04EC0-301F-11D3-BF4B-00C04F79EFBC}") = "p17. Демонстрация перегруженных конструкторов", "Демонстрация перегруженных конструкторов\p17. Демонстрация перегруженных конструкторов.csproj", "{AF5EA1A4-1883-49B6-B5DB-59690CE0FB48}"
EndProject
Project("{FAE04EC0-301F-11D3-BF4B-00C04F79EFBC}") = "p18. Демонстрация перегруженных конструкторов Стек", "Демонстрация перегруженных конструкторов Стек\p18. Демонстрация перегруженных конструкторов Стек.csproj", "{E33CA269-162F-4449-B179-F8B6B16DD494}"
EndProject
Project("{FAE04EC0-301F-11D3-BF4B-00C04F79EFBC}") = "p19. Демонстрация вызова конструктора с помощью ссылки this", "Демонстрация вызова конструктора с помощью ссылки this\p19. Демонстрация вызова конструктора с помощью ссылки this.csproj", "{E8AD41F3-F24D-4681-A8A9-F4EE5EA5257E}"
EndProject
Project("{FAE04EC0-301F-11D3-BF4B-00C04F79EFBC}") = "p20. Метод Main()", "Метод Main()\p20. Метод Main().csproj", "{E59BB561-53D4-4A81-801B-FA2A06D5F65D}"
EndProject
Project("{FAE04EC0-301F-11D3-BF4B-00C04F79EFBC}") = "p21. Рекурсия", "Рекурсия\p21. Рекурсия.csproj", "{6D5D82E6-D585-45C9-9110-2246D3D44E34}"
EndProject
Project("{FAE04EC0-301F-11D3-BF4B-00C04F79EFBC}") = "p22. Рекурсия Отображение строки в обратном порядке", "Рекурсия Отображение строки в обратном порядке\p22. Рекурсия Отображение строки в обратном порядке.csproj", "{6E38EC2B-1982-421B-A4C0-862666E8E005}"
EndProject
Project("{FAE04EC0-301F-11D3-BF4B-00C04F79EFBC}") = "p23. Использование модификатора типа static", "Использование модификатора типа static\p23. Использование модификатора типа static.csproj", "{EA738A38-7E15-4AF7-8F70-D189DA0A09E2}"
EndProject
Project("{FAE04EC0-301F-11D3-BF4B-00C04F79EFBC}") = "p24. Использование static-поля для подсчета экземпляров класса", "Использование static-поля для подсчета экземпляров класса\p24. Использование static-поля для подсчета экземпляров класса.csproj", "{36DF1E97-30FC-47EA-AC01-5F2294A041B7}"
EndProject
Project("{FAE04EC0-301F-11D3-BF4B-00C04F79EFBC}") = "p25. Создание статической фабрики класса", "Создание статической фабрики класса\p25. Создание статической фабрики класса.csproj", "{D104D676-3923-4D94-AD47-A5FEA75484CC}"
EndProject
Project("{FAE04EC0-301F-11D3-BF4B-00C04F79EFBC}") = "p26. Использование статического конструктора", "Использование статического конструктора\p26. Использование статического конструктора.csproj", "{25DB11D3-9750-4461-B438-13A6BFF69DAA}"
EndProject
Project("{FAE04EC0-301F-11D3-BF4B-00C04F79EFBC}") = "4. Демонстрация передачи простых типов", "Демонстрация передачи простых типов\4. Демонстрация передачи простых типов.csproj", "{15F23D81-8A22-4366-A14F-77E2116D9DBC}"
EndProject
Project("{FAE04EC0-301F-11D3-BF4B-00C04F79EFBC}") = "5. Демонстрация передачи объектов по ссылке", "Демонстрация передачи объектов по ссылке\5. Демонстрация передачи объектов по ссылке.csproj", "{4A496BDF-D64E-4954-B0DF-9DE023FF3607}"
EndProject
Project("{FAE04EC0-301F-11D3-BF4B-00C04F79EFBC}") = "p11. Использование обычного параметра с params", "Использование обычного параметра с params\p11. Использование обычного параметра с params.csproj", "{9214A3D6-C63B-49E9-9BB3-FBFB26BB6955}"
EndProject
Global
	GlobalSection(SolutionConfigurationPlatforms) = preSolution
		Debug|Any CPU = Debug|Any CPU
		Debug|Win32 = Debug|Win32
		Debug|x86 = Debug|x86
		Relase|Any CPU = Relase|Any CPU
		Relase|Win32 = Relase|Win32
		Relase|x86 = Relase|x86
		Release|Any CPU = Release|Any CPU
		Release|Win32 = Release|Win32
		Release|x86 = Release|x86
	EndGlobalSection
	GlobalSection(ProjectConfigurationPlatforms) = postSolution
		{E813A825-8B5B-4ED6-A4F2-A15C12E4B84E}.Debug|Any CPU.ActiveCfg = Debug|x86
		{E813A825-8B5B-4ED6-A4F2-A15C12E4B84E}.Debug|Win32.ActiveCfg = Debug|x86
		{E813A825-8B5B-4ED6-A4F2-A15C12E4B84E}.Debug|Win32.Build.0 = Debug|x86
		{E813A825-8B5B-4ED6-A4F2-A15C12E4B84E}.Debug|x86.ActiveCfg = Debug|x86
		{E813A825-8B5B-4ED6-A4F2-A15C12E4B84E}.Debug|x86.Build.0 = Debug|x86
		{E813A825-8B5B-4ED6-A4F2-A15C12E4B84E}.Relase|Any CPU.ActiveCfg = Release|x86
		{E813A825-8B5B-4ED6-A4F2-A15C12E4B84E}.Relase|Any CPU.Build.0 = Release|x86
		{E813A825-8B5B-4ED6-A4F2-A15C12E4B84E}.Relase|Win32.ActiveCfg = Release|x86
		{E813A825-8B5B-4ED6-A4F2-A15C12E4B84E}.Relase|Win32.Build.0 = Release|x86
		{E813A825-8B5B-4ED6-A4F2-A15C12E4B84E}.Relase|x86.ActiveCfg = Release|x86
		{E813A825-8B5B-4ED6-A4F2-A15C12E4B84E}.Relase|x86.Build.0 = Release|x86
		{E813A825-8B5B-4ED6-A4F2-A15C12E4B84E}.Release|Any CPU.ActiveCfg = Release|x86
		{E813A825-8B5B-4ED6-A4F2-A15C12E4B84E}.Release|Win32.ActiveCfg = Release|x86
		{E813A825-8B5B-4ED6-A4F2-A15C12E4B84E}.Release|Win32.Build.0 = Release|x86
		{E813A825-8B5B-4ED6-A4F2-A15C12E4B84E}.Release|x86.ActiveCfg = Release|x86
		{E813A825-8B5B-4ED6-A4F2-A15C12E4B84E}.Release|x86.Build.0 = Release|x86
		{A27724C3-5DA3-4D3F-BFED-E3EAAD4E7300}.Debug|Any CPU.ActiveCfg = Debug|x86
		{A27724C3-5DA3-4D3F-BFED-E3EAAD4E7300}.Debug|Win32.ActiveCfg = Debug|x86
		{A27724C3-5DA3-4D3F-BFED-E3EAAD4E7300}.Debug|Win32.Build.0 = Debug|x86
		{A27724C3-5DA3-4D3F-BFED-E3EAAD4E7300}.Debug|x86.ActiveCfg = Debug|x86
		{A27724C3-5DA3-4D3F-BFED-E3EAAD4E7300}.Debug|x86.Build.0 = Debug|x86
		{A27724C3-5DA3-4D3F-BFED-E3EAAD4E7300}.Relase|Any CPU.ActiveCfg = Release|x86
		{A27724C3-5DA3-4D3F-BFED-E3EAAD4E7300}.Relase|Any CPU.Build.0 = Release|x86
		{A27724C3-5DA3-4D3F-BFED-E3EAAD4E7300}.Relase|Win32.ActiveCfg = Release|x86
		{A27724C3-5DA3-4D3F-BFED-E3EAAD4E7300}.Relase|Win32.Build.0 = Release|x86
		{A27724C3-5DA3-4D3F-BFED-E3EAAD4E7300}.Relase|x86.ActiveCfg = Release|x86
		{A27724C3-5DA3-4D3F-BFED-E3EAAD4E7300}.Relase|x86.Build.0 = Release|x86
		{A27724C3-5DA3-4D3F-BFED-E3EAAD4E7300}.Release|Any CPU.ActiveCfg = Release|x86
		{A27724C3-5DA3-4D3F-BFED-E3EAAD4E7300}.Release|Win32.ActiveCfg = Release|x86
		{A27724C3-5DA3-4D3F-BFED-E3EAAD4E7300}.Release|Win32.Build.0 = Release|x86
		{A27724C3-5DA3-4D3F-BFED-E3EAAD4E7300}.Release|x86.ActiveCfg = Release|x86
		{A27724C3-5DA3-4D3F-BFED-E3EAAD4E7300}.Release|x86.Build.0 = Release|x86
		{0CA04ECF-31C0-4A16-AA6D-B996334E6654}.Debug|Any CPU.ActiveCfg = Debug|x86
		{0CA04ECF-31C0-4A16-AA6D-B996334E6654}.Debug|Win32.ActiveCfg = Debug|x86
		{0CA04ECF-31C0-4A16-AA6D-B996334E6654}.Debug|Win32.Build.0 = Debug|x86
		{0CA04ECF-31C0-4A16-AA6D-B996334E6654}.Debug|x86.ActiveCfg = Debug|x86
		{0CA04ECF-31C0-4A16-AA6D-B996334E6654}.Debug|x86.Build.0 = Debug|x86
		{0CA04ECF-31C0-4A16-AA6D-B996334E6654}.Relase|Any CPU.ActiveCfg = Release|x86
		{0CA04ECF-31C0-4A16-AA6D-B996334E6654}.Relase|Any CPU.Build.0 = Release|x86
		{0CA04ECF-31C0-4A16-AA6D-B996334E6654}.Relase|Win32.ActiveCfg = Release|x86
		{0CA04ECF-31C0-4A16-AA6D-B996334E6654}.Relase|Win32.Build.0 = Release|x86
		{0CA04ECF-31C0-4A16-AA6D-B996334E6654}.Relase|x86.ActiveCfg = Release|x86
		{0CA04ECF-31C0-4A16-AA6D-B996334E6654}.Relase|x86.Build.0 = Release|x86
		{0CA04ECF-31C0-4A16-AA6D-B996334E6654}.Release|Any CPU.ActiveCfg = Release|x86
		{0CA04ECF-31C0-4A16-AA6D-B996334E6654}.Release|Win32.ActiveCfg = Release|x86
		{0CA04ECF-31C0-4A16-AA6D-B996334E6654}.Release|Win32.Build.0 = Release|x86
		{0CA04ECF-31C0-4A16-AA6D-B996334E6654}.Release|x86.ActiveCfg = Release|x86
		{0CA04ECF-31C0-4A16-AA6D-B996334E6654}.Release|x86.Build.0 = Release|x86
		{7FC01FD3-B5DA-4995-AA14-8EAE73A80523}.Debug|Any CPU.ActiveCfg = Debug|x86
		{7FC01FD3-B5DA-4995-AA14-8EAE73A80523}.Debug|Win32.ActiveCfg = Debug|x86
		{7FC01FD3-B5DA-4995-AA14-8EAE73A80523}.Debug|Win32.Build.0 = Debug|x86
		{7FC01FD3-B5DA-4995-AA14-8EAE73A80523}.Debug|x86.ActiveCfg = Debug|x86
		{7FC01FD3-B5DA-4995-AA14-8EAE73A80523}.Debug|x86.Build.0 = Debug|x86
		{7FC01FD3-B5DA-4995-AA14-8EAE73A80523}.Relase|Any CPU.ActiveCfg = Release|x86
		{7FC01FD3-B5DA-4995-AA14-8EAE73A80523}.Relase|Any CPU.Build.0 = Release|x86
		{7FC01FD3-B5DA-4995-AA14-8EAE73A80523}.Relase|Win32.ActiveCfg = Release|x86
		{7FC01FD3-B5DA-4995-AA14-8EAE73A80523}.Relase|Win32.Build.0 = Release|x86
		{7FC01FD3-B5DA-4995-AA14-8EAE73A80523}.Relase|x86.ActiveCfg = Release|x86
		{7FC01FD3-B5DA-4995-AA14-8EAE73A80523}.Relase|x86.Build.0 = Release|x86
		{7FC01FD3-B5DA-4995-AA14-8EAE73A80523}.Release|Any CPU.ActiveCfg = Release|x86
		{7FC01FD3-B5DA-4995-AA14-8EAE73A80523}.Release|Win32.ActiveCfg = Release|x86
		{7FC01FD3-B5DA-4995-AA14-8EAE73A80523}.Release|Win32.Build.0 = Release|x86
		{7FC01FD3-B5DA-4995-AA14-8EAE73A80523}.Release|x86.ActiveCfg = Release|x86
		{7FC01FD3-B5DA-4995-AA14-8EAE73A80523}.Release|x86.Build.0 = Release|x86
		{54D4F1F1-0DF1-4FC9-9B93-AB6919EFD6DB}.Debug|Any CPU.ActiveCfg = Debug|x86
		{54D4F1F1-0DF1-4FC9-9B93-AB6919EFD6DB}.Debug|Win32.ActiveCfg = Debug|x86
		{54D4F1F1-0DF1-4FC9-9B93-AB6919EFD6DB}.Debug|Win32.Build.0 = Debug|x86
		{54D4F1F1-0DF1-4FC9-9B93-AB6919EFD6DB}.Debug|x86.ActiveCfg = Debug|x86
		{54D4F1F1-0DF1-4FC9-9B93-AB6919EFD6DB}.Debug|x86.Build.0 = Debug|x86
		{54D4F1F1-0DF1-4FC9-9B93-AB6919EFD6DB}.Relase|Any CPU.ActiveCfg = Release|x86
		{54D4F1F1-0DF1-4FC9-9B93-AB6919EFD6DB}.Relase|Any CPU.Build.0 = Release|x86
		{54D4F1F1-0DF1-4FC9-9B93-AB6919EFD6DB}.Relase|Win32.ActiveCfg = Release|x86
		{54D4F1F1-0DF1-4FC9-9B93-AB6919EFD6DB}.Relase|Win32.Build.0 = Release|x86
		{54D4F1F1-0DF1-4FC9-9B93-AB6919EFD6DB}.Relase|x86.ActiveCfg = Release|x86
		{54D4F1F1-0DF1-4FC9-9B93-AB6919EFD6DB}.Relase|x86.Build.0 = Release|x86
		{54D4F1F1-0DF1-4FC9-9B93-AB6919EFD6DB}.Release|Any CPU.ActiveCfg = Release|x86
		{54D4F1F1-0DF1-4FC9-9B93-AB6919EFD6DB}.Release|Win32.ActiveCfg = Release|x86
		{54D4F1F1-0DF1-4FC9-9B93-AB6919EFD6DB}.Release|Win32.Build.0 = Release|x86
		{54D4F1F1-0DF1-4FC9-9B93-AB6919EFD6DB}.Release|x86.ActiveCfg = Release|x86
		{54D4F1F1-0DF1-4FC9-9B93-AB6919EFD6DB}.Release|x86.Build.0 = Release|x86
		{F4A73F35-EA43-4ADB-823A-AAB96A33D892}.Debug|Any CPU.ActiveCfg = Debug|x86
		{F4A73F35-EA43-4ADB-823A-AAB96A33D892}.Debug|Win32.ActiveCfg = Debug|x86
		{F4A73F35-EA43-4ADB-823A-AAB96A33D892}.Debug|Win32.Build.0 = Debug|x86
		{F4A73F35-EA43-4ADB-823A-AAB96A33D892}.Debug|x86.ActiveCfg = Debug|x86
		{F4A73F35-EA43-4ADB-823A-AAB96A33D892}.Debug|x86.Build.0 = Debug|x86
		{F4A73F35-EA43-4ADB-823A-AAB96A33D892}.Relase|Any CPU.ActiveCfg = Release|x86
		{F4A73F35-EA43-4ADB-823A-AAB96A33D892}.Relase|Any CPU.Build.0 = Release|x86
		{F4A73F35-EA43-4ADB-823A-AAB96A33D892}.Relase|Win32.ActiveCfg = Release|x86
		{F4A73F35-EA43-4ADB-823A-AAB96A33D892}.Relase|Win32.Build.0 = Release|x86
		{F4A73F35-EA43-4ADB-823A-AAB96A33D892}.Relase|x86.ActiveCfg = Release|x86
		{F4A73F35-EA43-4ADB-823A-AAB96A33D892}.Relase|x86.Build.0 = Release|x86
		{F4A73F35-EA43-4ADB-823A-AAB96A33D892}.Release|Any CPU.ActiveCfg = Release|x86
		{F4A73F35-EA43-4ADB-823A-AAB96A33D892}.Release|Win32.ActiveCfg = Release|x86
		{F4A73F35-EA43-4ADB-823A-AAB96A33D892}.Release|Win32.Build.0 = Release|x86
		{F4A73F35-EA43-4ADB-823A-AAB96A33D892}.Release|x86.ActiveCfg = Release|x86
		{F4A73F35-EA43-4ADB-823A-AAB96A33D892}.Release|x86.Build.0 = Release|x86
		{B7BD77C4-9596-4F19-B249-242D51F948DC}.Debug|Any CPU.ActiveCfg = Debug|x86
		{B7BD77C4-9596-4F19-B249-242D51F948DC}.Debug|Win32.ActiveCfg = Debug|x86
		{B7BD77C4-9596-4F19-B249-242D51F948DC}.Debug|Win32.Build.0 = Debug|x86
		{B7BD77C4-9596-4F19-B249-242D51F948DC}.Debug|x86.ActiveCfg = Debug|x86
		{B7BD77C4-9596-4F19-B249-242D51F948DC}.Debug|x86.Build.0 = Debug|x86
		{B7BD77C4-9596-4F19-B249-242D51F948DC}.Relase|Any CPU.ActiveCfg = Release|x86
		{B7BD77C4-9596-4F19-B249-242D51F948DC}.Relase|Any CPU.Build.0 = Release|x86
		{B7BD77C4-9596-4F19-B249-242D51F948DC}.Relase|Win32.ActiveCfg = Release|x86
		{B7BD77C4-9596-4F19-B249-242D51F948DC}.Relase|Win32.Build.0 = Release|x86
		{B7BD77C4-9596-4F19-B249-242D51F948DC}.Relase|x86.ActiveCfg = Release|x86
		{B7BD77C4-9596-4F19-B249-242D51F948DC}.Relase|x86.Build.0 = Release|x86
		{B7BD77C4-9596-4F19-B249-242D51F948DC}.Release|Any CPU.ActiveCfg = Release|x86
		{B7BD77C4-9596-4F19-B249-242D51F948DC}.Release|Win32.ActiveCfg = Release|x86
		{B7BD77C4-9596-4F19-B249-242D51F948DC}.Release|Win32.Build.0 = Release|x86
		{B7BD77C4-9596-4F19-B249-242D51F948DC}.Release|x86.ActiveCfg = Release|x86
		{B7BD77C4-9596-4F19-B249-242D51F948DC}.Release|x86.Build.0 = Release|x86
		{C70F33BA-0F58-43A7-B655-994A2CB4EF0D}.Debug|Any CPU.ActiveCfg = Debug|x86
		{C70F33BA-0F58-43A7-B655-994A2CB4EF0D}.Debug|Win32.ActiveCfg = Debug|x86
		{C70F33BA-0F58-43A7-B655-994A2CB4EF0D}.Debug|Win32.Build.0 = Debug|x86
		{C70F33BA-0F58-43A7-B655-994A2CB4EF0D}.Debug|x86.ActiveCfg = Debug|x86
		{C70F33BA-0F58-43A7-B655-994A2CB4EF0D}.Debug|x86.Build.0 = Debug|x86
		{C70F33BA-0F58-43A7-B655-994A2CB4EF0D}.Relase|Any CPU.ActiveCfg = Release|x86
		{C70F33BA-0F58-43A7-B655-994A2CB4EF0D}.Relase|Any CPU.Build.0 = Release|x86
		{C70F33BA-0F58-43A7-B655-994A2CB4EF0D}.Relase|Win32.ActiveCfg = Release|x86
		{C70F33BA-0F58-43A7-B655-994A2CB4EF0D}.Relase|Win32.Build.0 = Release|x86
		{C70F33BA-0F58-43A7-B655-994A2CB4EF0D}.Relase|x86.ActiveCfg = Release|x86
		{C70F33BA-0F58-43A7-B655-994A2CB4EF0D}.Relase|x86.Build.0 = Release|x86
		{C70F33BA-0F58-43A7-B655-994A2CB4EF0D}.Release|Any CPU.ActiveCfg = Release|x86
		{C70F33BA-0F58-43A7-B655-994A2CB4EF0D}.Release|Win32.ActiveCfg = Release|x86
		{C70F33BA-0F58-43A7-B655-994A2CB4EF0D}.Release|Win32.Build.0 = Release|x86
		{C70F33BA-0F58-43A7-B655-994A2CB4EF0D}.Release|x86.ActiveCfg = Release|x86
		{C70F33BA-0F58-43A7-B655-994A2CB4EF0D}.Release|x86.Build.0 = Release|x86
		{856B887D-0F9C-4F67-9B37-6E8904F4E1CE}.Debug|Any CPU.ActiveCfg = Debug|x86
		{856B887D-0F9C-4F67-9B37-6E8904F4E1CE}.Debug|Win32.ActiveCfg = Debug|x86
		{856B887D-0F9C-4F67-9B37-6E8904F4E1CE}.Debug|Win32.Build.0 = Debug|x86
		{856B887D-0F9C-4F67-9B37-6E8904F4E1CE}.Debug|x86.ActiveCfg = Debug|x86
		{856B887D-0F9C-4F67-9B37-6E8904F4E1CE}.Debug|x86.Build.0 = Debug|x86
		{856B887D-0F9C-4F67-9B37-6E8904F4E1CE}.Relase|Any CPU.ActiveCfg = Release|x86
		{856B887D-0F9C-4F67-9B37-6E8904F4E1CE}.Relase|Any CPU.Build.0 = Release|x86
		{856B887D-0F9C-4F67-9B37-6E8904F4E1CE}.Relase|Win32.ActiveCfg = Release|x86
		{856B887D-0F9C-4F67-9B37-6E8904F4E1CE}.Relase|Win32.Build.0 = Release|x86
		{856B887D-0F9C-4F67-9B37-6E8904F4E1CE}.Relase|x86.ActiveCfg = Release|x86
		{856B887D-0F9C-4F67-9B37-6E8904F4E1CE}.Relase|x86.Build.0 = Release|x86
		{856B887D-0F9C-4F67-9B37-6E8904F4E1CE}.Release|Any CPU.ActiveCfg = Release|x86
		{856B887D-0F9C-4F67-9B37-6E8904F4E1CE}.Release|Win32.ActiveCfg = Release|x86
		{856B887D-0F9C-4F67-9B37-6E8904F4E1CE}.Release|Win32.Build.0 = Release|x86
		{856B887D-0F9C-4F67-9B37-6E8904F4E1CE}.Release|x86.ActiveCfg = Release|x86
		{856B887D-0F9C-4F67-9B37-6E8904F4E1CE}.Release|x86.Build.0 = Release|x86
		{5C055EAD-3B38-44E4-AA4D-DC2D81F402A7}.Debug|Any CPU.ActiveCfg = Debug|x86
		{5C055EAD-3B38-44E4-AA4D-DC2D81F402A7}.Debug|Win32.ActiveCfg = Debug|x86
		{5C055EAD-3B38-44E4-AA4D-DC2D81F402A7}.Debug|Win32.Build.0 = Debug|x86
		{5C055EAD-3B38-44E4-AA4D-DC2D81F402A7}.Debug|x86.ActiveCfg = Debug|x86
		{5C055EAD-3B38-44E4-AA4D-DC2D81F402A7}.Debug|x86.Build.0 = Debug|x86
		{5C055EAD-3B38-44E4-AA4D-DC2D81F402A7}.Relase|Any CPU.ActiveCfg = Release|x86
		{5C055EAD-3B38-44E4-AA4D-DC2D81F402A7}.Relase|Any CPU.Build.0 = Release|x86
		{5C055EAD-3B38-44E4-AA4D-DC2D81F402A7}.Relase|Win32.ActiveCfg = Release|x86
		{5C055EAD-3B38-44E4-AA4D-DC2D81F402A7}.Relase|Win32.Build.0 = Release|x86
		{5C055EAD-3B38-44E4-AA4D-DC2D81F402A7}.Relase|x86.ActiveCfg = Release|x86
		{5C055EAD-3B38-44E4-AA4D-DC2D81F402A7}.Relase|x86.Build.0 = Release|x86
		{5C055EAD-3B38-44E4-AA4D-DC2D81F402A7}.Release|Any CPU.ActiveCfg = Release|x86
		{5C055EAD-3B38-44E4-AA4D-DC2D81F402A7}.Release|Win32.ActiveCfg = Release|x86
		{5C055EAD-3B38-44E4-AA4D-DC2D81F402A7}.Release|Win32.Build.0 = Release|x86
		{5C055EAD-3B38-44E4-AA4D-DC2D81F402A7}.Release|x86.ActiveCfg = Release|x86
		{5C055EAD-3B38-44E4-AA4D-DC2D81F402A7}.Release|x86.Build.0 = Release|x86
		{993BF362-CE7B-4867-964B-FEA32FF99865}.Debug|Any CPU.ActiveCfg = Debug|x86
		{993BF362-CE7B-4867-964B-FEA32FF99865}.Debug|Win32.ActiveCfg = Debug|x86
		{993BF362-CE7B-4867-964B-FEA32FF99865}.Debug|Win32.Build.0 = Debug|x86
		{993BF362-CE7B-4867-964B-FEA32FF99865}.Debug|x86.ActiveCfg = Debug|x86
		{993BF362-CE7B-4867-964B-FEA32FF99865}.Debug|x86.Build.0 = Debug|x86
		{993BF362-CE7B-4867-964B-FEA32FF99865}.Relase|Any CPU.ActiveCfg = Release|x86
		{993BF362-CE7B-4867-964B-FEA32FF99865}.Relase|Any CPU.Build.0 = Release|x86
		{993BF362-CE7B-4867-964B-FEA32FF99865}.Relase|Win32.ActiveCfg = Release|x86
		{993BF362-CE7B-4867-964B-FEA32FF99865}.Relase|Win32.Build.0 = Release|x86
		{993BF362-CE7B-4867-964B-FEA32FF99865}.Relase|x86.ActiveCfg = Release|x86
		{993BF362-CE7B-4867-964B-FEA32FF99865}.Relase|x86.Build.0 = Release|x86
		{993BF362-CE7B-4867-964B-FEA32FF99865}.Release|Any CPU.ActiveCfg = Release|x86
		{993BF362-CE7B-4867-964B-FEA32FF99865}.Release|Win32.ActiveCfg = Release|x86
		{993BF362-CE7B-4867-964B-FEA32FF99865}.Release|Win32.Build.0 = Release|x86
		{993BF362-CE7B-4867-964B-FEA32FF99865}.Release|x86.ActiveCfg = Release|x86
		{993BF362-CE7B-4867-964B-FEA32FF99865}.Release|x86.Build.0 = Release|x86
		{9B1D1726-C36B-4C70-BB44-616E783AD203}.Debug|Any CPU.ActiveCfg = Debug|x86
		{9B1D1726-C36B-4C70-BB44-616E783AD203}.Debug|Win32.ActiveCfg = Debug|x86
		{9B1D1726-C36B-4C70-BB44-616E783AD203}.Debug|Win32.Build.0 = Debug|x86
		{9B1D1726-C36B-4C70-BB44-616E783AD203}.Debug|x86.ActiveCfg = Debug|x86
		{9B1D1726-C36B-4C70-BB44-616E783AD203}.Debug|x86.Build.0 = Debug|x86
		{9B1D1726-C36B-4C70-BB44-616E783AD203}.Relase|Any CPU.ActiveCfg = Release|x86
		{9B1D1726-C36B-4C70-BB44-616E783AD203}.Relase|Any CPU.Build.0 = Release|x86
		{9B1D1726-C36B-4C70-BB44-616E783AD203}.Relase|Win32.ActiveCfg = Release|x86
		{9B1D1726-C36B-4C70-BB44-616E783AD203}.Relase|Win32.Build.0 = Release|x86
		{9B1D1726-C36B-4C70-BB44-616E783AD203}.Relase|x86.ActiveCfg = Release|x86
		{9B1D1726-C36B-4C70-BB44-616E783AD203}.Relase|x86.Build.0 = Release|x86
		{9B1D1726-C36B-4C70-BB44-616E783AD203}.Release|Any CPU.ActiveCfg = Release|x86
		{9B1D1726-C36B-4C70-BB44-616E783AD203}.Release|Win32.ActiveCfg = Release|x86
		{9B1D1726-C36B-4C70-BB44-616E783AD203}.Release|Win32.Build.0 = Release|x86
		{9B1D1726-C36B-4C70-BB44-616E783AD203}.Release|x86.ActiveCfg = Release|x86
		{9B1D1726-C36B-4C70-BB44-616E783AD203}.Release|x86.Build.0 = Release|x86
		{71CF6D35-D3EC-4E27-97AC-FB5997F8CDFB}.Debug|Any CPU.ActiveCfg = Debug|x86
		{71CF6D35-D3EC-4E27-97AC-FB5997F8CDFB}.Debug|Win32.ActiveCfg = Debug|x86
		{71CF6D35-D3EC-4E27-97AC-FB5997F8CDFB}.Debug|Win32.Build.0 = Debug|x86
		{71CF6D35-D3EC-4E27-97AC-FB5997F8CDFB}.Debug|x86.ActiveCfg = Debug|x86
		{71CF6D35-D3EC-4E27-97AC-FB5997F8CDFB}.Debug|x86.Build.0 = Debug|x86
		{71CF6D35-D3EC-4E27-97AC-FB5997F8CDFB}.Relase|Any CPU.ActiveCfg = Release|x86
		{71CF6D35-D3EC-4E27-97AC-FB5997F8CDFB}.Relase|Any CPU.Build.0 = Release|x86
		{71CF6D35-D3EC-4E27-97AC-FB5997F8CDFB}.Relase|Win32.ActiveCfg = Release|x86
		{71CF6D35-D3EC-4E27-97AC-FB5997F8CDFB}.Relase|Win32.Build.0 = Release|x86
		{71CF6D35-D3EC-4E27-97AC-FB5997F8CDFB}.Relase|x86.ActiveCfg = Release|x86
		{71CF6D35-D3EC-4E27-97AC-FB5997F8CDFB}.Relase|x86.Build.0 = Release|x86
		{71CF6D35-D3EC-4E27-97AC-FB5997F8CDFB}.Release|Any CPU.ActiveCfg = Release|x86
		{71CF6D35-D3EC-4E27-97AC-FB5997F8CDFB}.Release|Win32.ActiveCfg = Release|x86
		{71CF6D35-D3EC-4E27-97AC-FB5997F8CDFB}.Release|Win32.Build.0 = Release|x86
		{71CF6D35-D3EC-4E27-97AC-FB5997F8CDFB}.Release|x86.ActiveCfg = Release|x86
		{71CF6D35-D3EC-4E27-97AC-FB5997F8CDFB}.Release|x86.Build.0 = Release|x86
		{6BFEB293-8946-40AB-B118-E93087C01212}.Debug|Any CPU.ActiveCfg = Debug|x86
		{6BFEB293-8946-40AB-B118-E93087C01212}.Debug|Win32.ActiveCfg = Debug|x86
		{6BFEB293-8946-40AB-B118-E93087C01212}.Debug|Win32.Build.0 = Debug|x86
		{6BFEB293-8946-40AB-B118-E93087C01212}.Debug|x86.ActiveCfg = Debug|x86
		{6BFEB293-8946-40AB-B118-E93087C01212}.Debug|x86.Build.0 = Debug|x86
		{6BFEB293-8946-40AB-B118-E93087C01212}.Relase|Any CPU.ActiveCfg = Release|x86
		{6BFEB293-8946-40AB-B118-E93087C01212}.Relase|Any CPU.Build.0 = Release|x86
		{6BFEB293-8946-40AB-B118-E93087C01212}.Relase|Win32.ActiveCfg = Release|x86
		{6BFEB293-8946-40AB-B118-E93087C01212}.Relase|Win32.Build.0 = Release|x86
		{6BFEB293-8946-40AB-B118-E93087C01212}.Relase|x86.ActiveCfg = Release|x86
		{6BFEB293-8946-40AB-B118-E93087C01212}.Relase|x86.Build.0 = Release|x86
		{6BFEB293-8946-40AB-B118-E93087C01212}.Release|Any CPU.ActiveCfg = Release|x86
		{6BFEB293-8946-40AB-B118-E93087C01212}.Release|Win32.ActiveCfg = Release|x86
		{6BFEB293-8946-40AB-B118-E93087C01212}.Release|Win32.Build.0 = Release|x86
		{6BFEB293-8946-40AB-B118-E93087C01212}.Release|x86.ActiveCfg = Release|x86
		{6BFEB293-8946-40AB-B118-E93087C01212}.Release|x86.Build.0 = Release|x86
		{AF5EA1A4-1883-49B6-B5DB-59690CE0FB48}.Debug|Any CPU.ActiveCfg = Debug|x86
		{AF5EA1A4-1883-49B6-B5DB-59690CE0FB48}.Debug|Win32.ActiveCfg = Debug|x86
		{AF5EA1A4-1883-49B6-B5DB-59690CE0FB48}.Debug|Win32.Build.0 = Debug|x86
		{AF5EA1A4-1883-49B6-B5DB-59690CE0FB48}.Debug|x86.ActiveCfg = Debug|x86
		{AF5EA1A4-1883-49B6-B5DB-59690CE0FB48}.Debug|x86.Build.0 = Debug|x86
		{AF5EA1A4-1883-49B6-B5DB-59690CE0FB48}.Relase|Any CPU.ActiveCfg = Release|x86
		{AF5EA1A4-1883-49B6-B5DB-59690CE0FB48}.Relase|Any CPU.Build.0 = Release|x86
		{AF5EA1A4-1883-49B6-B5DB-59690CE0FB48}.Relase|Win32.ActiveCfg = Release|x86
		{AF5EA1A4-1883-49B6-B5DB-59690CE0FB48}.Relase|Win32.Build.0 = Release|x86
		{AF5EA1A4-1883-49B6-B5DB-59690CE0FB48}.Relase|x86.ActiveCfg = Release|x86
		{AF5EA1A4-1883-49B6-B5DB-59690CE0FB48}.Relase|x86.Build.0 = Release|x86
		{AF5EA1A4-1883-49B6-B5DB-59690CE0FB48}.Release|Any CPU.ActiveCfg = Release|x86
		{AF5EA1A4-1883-49B6-B5DB-59690CE0FB48}.Release|Win32.ActiveCfg = Release|x86
		{AF5EA1A4-1883-49B6-B5DB-59690CE0FB48}.Release|Win32.Build.0 = Release|x86
		{AF5EA1A4-1883-49B6-B5DB-59690CE0FB48}.Release|x86.ActiveCfg = Release|x86
		{AF5EA1A4-1883-49B6-B5DB-59690CE0FB48}.Release|x86.Build.0 = Release|x86
		{E33CA269-162F-4449-B179-F8B6B16DD494}.Debug|Any CPU.ActiveCfg = Debug|x86
		{E33CA269-162F-4449-B179-F8B6B16DD494}.Debug|Win32.ActiveCfg = Debug|x86
		{E33CA269-162F-4449-B179-F8B6B16DD494}.Debug|Win32.Build.0 = Debug|x86
		{E33CA269-162F-4449-B179-F8B6B16DD494}.Debug|x86.ActiveCfg = Debug|x86
		{E33CA269-162F-4449-B179-F8B6B16DD494}.Debug|x86.Build.0 = Debug|x86
		{E33CA269-162F-4449-B179-F8B6B16DD494}.Relase|Any CPU.ActiveCfg = Release|x86
		{E33CA269-162F-4449-B179-F8B6B16DD494}.Relase|Any CPU.Build.0 = Release|x86
		{E33CA269-162F-4449-B179-F8B6B16DD494}.Relase|Win32.ActiveCfg = Release|x86
		{E33CA269-162F-4449-B179-F8B6B16DD494}.Relase|Win32.Build.0 = Release|x86
		{E33CA269-162F-4449-B179-F8B6B16DD494}.Relase|x86.ActiveCfg = Release|x86
		{E33CA269-162F-4449-B179-F8B6B16DD494}.Relase|x86.Build.0 = Release|x86
		{E33CA269-162F-4449-B179-F8B6B16DD494}.Release|Any CPU.ActiveCfg = Release|x86
		{E33CA269-162F-4449-B179-F8B6B16DD494}.Release|Win32.ActiveCfg = Release|x86
		{E33CA269-162F-4449-B179-F8B6B16DD494}.Release|Win32.Build.0 = Release|x86
		{E33CA269-162F-4449-B179-F8B6B16DD494}.Release|x86.ActiveCfg = Release|x86
		{E33CA269-162F-4449-B179-F8B6B16DD494}.Release|x86.Build.0 = Release|x86
		{E8AD41F3-F24D-4681-A8A9-F4EE5EA5257E}.Debug|Any CPU.ActiveCfg = Debug|x86
		{E8AD41F3-F24D-4681-A8A9-F4EE5EA5257E}.Debug|Win32.ActiveCfg = Debug|x86
		{E8AD41F3-F24D-4681-A8A9-F4EE5EA5257E}.Debug|Win32.Build.0 = Debug|x86
		{E8AD41F3-F24D-4681-A8A9-F4EE5EA5257E}.Debug|x86.ActiveCfg = Debug|x86
		{E8AD41F3-F24D-4681-A8A9-F4EE5EA5257E}.Debug|x86.Build.0 = Debug|x86
		{E8AD41F3-F24D-4681-A8A9-F4EE5EA5257E}.Relase|Any CPU.ActiveCfg = Release|x86
		{E8AD41F3-F24D-4681-A8A9-F4EE5EA5257E}.Relase|Any CPU.Build.0 = Release|x86
		{E8AD41F3-F24D-4681-A8A9-F4EE5EA5257E}.Relase|Win32.ActiveCfg = Release|x86
		{E8AD41F3-F24D-4681-A8A9-F4EE5EA5257E}.Relase|Win32.Build.0 = Release|x86
		{E8AD41F3-F24D-4681-A8A9-F4EE5EA5257E}.Relase|x86.ActiveCfg = Release|x86
		{E8AD41F3-F24D-4681-A8A9-F4EE5EA5257E}.Relase|x86.Build.0 = Release|x86
		{E8AD41F3-F24D-4681-A8A9-F4EE5EA5257E}.Release|Any CPU.ActiveCfg = Release|x86
		{E8AD41F3-F24D-4681-A8A9-F4EE5EA5257E}.Release|Win32.ActiveCfg = Release|x86
		{E8AD41F3-F24D-4681-A8A9-F4EE5EA5257E}.Release|Win32.Build.0 = Release|x86
		{E8AD41F3-F24D-4681-A8A9-F4EE5EA5257E}.Release|x86.ActiveCfg = Release|x86
		{E8AD41F3-F24D-4681-A8A9-F4EE5EA5257E}.Release|x86.Build.0 = Release|x86
		{E59BB561-53D4-4A81-801B-FA2A06D5F65D}.Debug|Any CPU.ActiveCfg = Debug|x86
		{E59BB561-53D4-4A81-801B-FA2A06D5F65D}.Debug|Win32.ActiveCfg = Debug|x86
		{E59BB561-53D4-4A81-801B-FA2A06D5F65D}.Debug|Win32.Build.0 = Debug|x86
		{E59BB561-53D4-4A81-801B-FA2A06D5F65D}.Debug|x86.ActiveCfg = Debug|x86
		{E59BB561-53D4-4A81-801B-FA2A06D5F65D}.Debug|x86.Build.0 = Debug|x86
		{E59BB561-53D4-4A81-801B-FA2A06D5F65D}.Relase|Any CPU.ActiveCfg = Release|x86
		{E59BB561-53D4-4A81-801B-FA2A06D5F65D}.Relase|Any CPU.Build.0 = Release|x86
		{E59BB561-53D4-4A81-801B-FA2A06D5F65D}.Relase|Win32.ActiveCfg = Release|x86
		{E59BB561-53D4-4A81-801B-FA2A06D5F65D}.Relase|Win32.Build.0 = Release|x86
		{E59BB561-53D4-4A81-801B-FA2A06D5F65D}.Relase|x86.ActiveCfg = Release|x86
		{E59BB561-53D4-4A81-801B-FA2A06D5F65D}.Relase|x86.Build.0 = Release|x86
		{E59BB561-53D4-4A81-801B-FA2A06D5F65D}.Release|Any CPU.ActiveCfg = Release|x86
		{E59BB561-53D4-4A81-801B-FA2A06D5F65D}.Release|Win32.ActiveCfg = Release|x86
		{E59BB561-53D4-4A81-801B-FA2A06D5F65D}.Release|Win32.Build.0 = Release|x86
		{E59BB561-53D4-4A81-801B-FA2A06D5F65D}.Release|x86.ActiveCfg = Release|x86
		{E59BB561-53D4-4A81-801B-FA2A06D5F65D}.Release|x86.Build.0 = Release|x86
		{6D5D82E6-D585-45C9-9110-2246D3D44E34}.Debug|Any CPU.ActiveCfg = Debug|x86
		{6D5D82E6-D585-45C9-9110-2246D3D44E34}.Debug|Win32.ActiveCfg = Debug|x86
		{6D5D82E6-D585-45C9-9110-2246D3D44E34}.Debug|Win32.Build.0 = Debug|x86
		{6D5D82E6-D585-45C9-9110-2246D3D44E34}.Debug|x86.ActiveCfg = Debug|x86
		{6D5D82E6-D585-45C9-9110-2246D3D44E34}.Debug|x86.Build.0 = Debug|x86
		{6D5D82E6-D585-45C9-9110-2246D3D44E34}.Relase|Any CPU.ActiveCfg = Release|x86
		{6D5D82E6-D585-45C9-9110-2246D3D44E34}.Relase|Any CPU.Build.0 = Release|x86
		{6D5D82E6-D585-45C9-9110-2246D3D44E34}.Relase|Win32.ActiveCfg = Release|x86
		{6D5D82E6-D585-45C9-9110-2246D3D44E34}.Relase|Win32.Build.0 = Release|x86
		{6D5D82E6-D585-45C9-9110-2246D3D44E34}.Relase|x86.ActiveCfg = Release|x86
		{6D5D82E6-D585-45C9-9110-2246D3D44E34}.Relase|x86.Build.0 = Release|x86
		{6D5D82E6-D585-45C9-9110-2246D3D44E34}.Release|Any CPU.ActiveCfg = Release|x86
		{6D5D82E6-D585-45C9-9110-2246D3D44E34}.Release|Win32.ActiveCfg = Release|x86
		{6D5D82E6-D585-45C9-9110-2246D3D44E34}.Release|Win32.Build.0 = Release|x86
		{6D5D82E6-D585-45C9-9110-2246D3D44E34}.Release|x86.ActiveCfg = Release|x86
		{6D5D82E6-D585-45C9-9110-2246D3D44E34}.Release|x86.Build.0 = Release|x86
		{6E38EC2B-1982-421B-A4C0-862666E8E005}.Debug|Any CPU.ActiveCfg = Debug|x86
		{6E38EC2B-1982-421B-A4C0-862666E8E005}.Debug|Win32.ActiveCfg = Debug|x86
		{6E38EC2B-1982-421B-A4C0-862666E8E005}.Debug|Win32.Build.0 = Debug|x86
		{6E38EC2B-1982-421B-A4C0-862666E8E005}.Debug|x86.ActiveCfg = Debug|x86
		{6E38EC2B-1982-421B-A4C0-862666E8E005}.Debug|x86.Build.0 = Debug|x86
		{6E38EC2B-1982-421B-A4C0-862666E8E005}.Relase|Any CPU.ActiveCfg = Release|x86
		{6E38EC2B-1982-421B-A4C0-862666E8E005}.Relase|Any CPU.Build.0 = Release|x86
		{6E38EC2B-1982-421B-A4C0-862666E8E005}.Relase|Win32.ActiveCfg = Release|x86
		{6E38EC2B-1982-421B-A4C0-862666E8E005}.Relase|Win32.Build.0 = Release|x86
		{6E38EC2B-1982-421B-A4C0-862666E8E005}.Relase|x86.ActiveCfg = Release|x86
		{6E38EC2B-1982-421B-A4C0-862666E8E005}.Relase|x86.Build.0 = Release|x86
		{6E38EC2B-1982-421B-A4C0-862666E8E005}.Release|Any CPU.ActiveCfg = Release|x86
		{6E38EC2B-1982-421B-A4C0-862666E8E005}.Release|Win32.ActiveCfg = Release|x86
		{6E38EC2B-1982-421B-A4C0-862666E8E005}.Release|Win32.Build.0 = Release|x86
		{6E38EC2B-1982-421B-A4C0-862666E8E005}.Release|x86.ActiveCfg = Release|x86
		{6E38EC2B-1982-421B-A4C0-862666E8E005}.Release|x86.Build.0 = Release|x86
		{EA738A38-7E15-4AF7-8F70-D189DA0A09E2}.Debug|Any CPU.ActiveCfg = Debug|x86
		{EA738A38-7E15-4AF7-8F70-D189DA0A09E2}.Debug|Win32.ActiveCfg = Debug|x86
		{EA738A38-7E15-4AF7-8F70-D189DA0A09E2}.Debug|Win32.Build.0 = Debug|x86
		{EA738A38-7E15-4AF7-8F70-D189DA0A09E2}.Debug|x86.ActiveCfg = Debug|x86
		{EA738A38-7E15-4AF7-8F70-D189DA0A09E2}.Debug|x86.Build.0 = Debug|x86
		{EA738A38-7E15-4AF7-8F70-D189DA0A09E2}.Relase|Any CPU.ActiveCfg = Release|x86
		{EA738A38-7E15-4AF7-8F70-D189DA0A09E2}.Relase|Any CPU.Build.0 = Release|x86
		{EA738A38-7E15-4AF7-8F70-D189DA0A09E2}.Relase|Win32.ActiveCfg = Release|x86
		{EA738A38-7E15-4AF7-8F70-D189DA0A09E2}.Relase|Win32.Build.0 = Release|x86
		{EA738A38-7E15-4AF7-8F70-D189DA0A09E2}.Relase|x86.ActiveCfg = Release|x86
		{EA738A38-7E15-4AF7-8F70-D189DA0A09E2}.Relase|x86.Build.0 = Release|x86
		{EA738A38-7E15-4AF7-8F70-D189DA0A09E2}.Release|Any CPU.ActiveCfg = Release|x86
		{EA738A38-7E15-4AF7-8F70-D189DA0A09E2}.Release|Win32.ActiveCfg = Release|x86
		{EA738A38-7E15-4AF7-8F70-D189DA0A09E2}.Release|Win32.Build.0 = Release|x86
		{EA738A38-7E15-4AF7-8F70-D189DA0A09E2}.Release|x86.ActiveCfg = Release|x86
		{EA738A38-7E15-4AF7-8F70-D189DA0A09E2}.Release|x86.Build.0 = Release|x86
		{36DF1E97-30FC-47EA-AC01-5F2294A041B7}.Debug|Any CPU.ActiveCfg = Debug|x86
		{36DF1E97-30FC-47EA-AC01-5F2294A041B7}.Debug|Win32.ActiveCfg = Debug|x86
		{36DF1E97-30FC-47EA-AC01-5F2294A041B7}.Debug|Win32.Build.0 = Debug|x86
		{36DF1E97-30FC-47EA-AC01-5F2294A041B7}.Debug|x86.ActiveCfg = Debug|x86
		{36DF1E97-30FC-47EA-AC01-5F2294A041B7}.Debug|x86.Build.0 = Debug|x86
		{36DF1E97-30FC-47EA-AC01-5F2294A041B7}.Relase|Any CPU.ActiveCfg = Release|x86
		{36DF1E97-30FC-47EA-AC01-5F2294A041B7}.Relase|Any CPU.Build.0 = Release|x86
		{36DF1E97-30FC-47EA-AC01-5F2294A041B7}.Relase|Win32.ActiveCfg = Release|x86
		{36DF1E97-30FC-47EA-AC01-5F2294A041B7}.Relase|Win32.Build.0 = Release|x86
		{36DF1E97-30FC-47EA-AC01-5F2294A041B7}.Relase|x86.ActiveCfg = Release|x86
		{36DF1E97-30FC-47EA-AC01-5F2294A041B7}.Relase|x86.Build.0 = Release|x86
		{36DF1E97-30FC-47EA-AC01-5F2294A041B7}.Release|Any CPU.ActiveCfg = Release|x86
		{36DF1E97-30FC-47EA-AC01-5F2294A041B7}.Release|Win32.ActiveCfg = Release|x86
		{36DF1E97-30FC-47EA-AC01-5F2294A041B7}.Release|Win32.Build.0 = Release|x86
		{36DF1E97-30FC-47EA-AC01-5F2294A041B7}.Release|x86.ActiveCfg = Release|x86
		{36DF1E97-30FC-47EA-AC01-5F2294A041B7}.Release|x86.Build.0 = Release|x86
		{D104D676-3923-4D94-AD47-A5FEA75484CC}.Debug|Any CPU.ActiveCfg = Debug|x86
		{D104D676-3923-4D94-AD47-A5FEA75484CC}.Debug|Win32.ActiveCfg = Debug|x86
		{D104D676-3923-4D94-AD47-A5FEA75484CC}.Debug|Win32.Build.0 = Debug|x86
		{D104D676-3923-4D94-AD47-A5FEA75484CC}.Debug|x86.ActiveCfg = Debug|x86
		{D104D676-3923-4D94-AD47-A5FEA75484CC}.Debug|x86.Build.0 = Debug|x86
		{D104D676-3923-4D94-AD47-A5FEA75484CC}.Relase|Any CPU.ActiveCfg = Release|x86
		{D104D676-3923-4D94-AD47-A5FEA75484CC}.Relase|Any CPU.Build.0 = Release|x86
		{D104D676-3923-4D94-AD47-A5FEA75484CC}.Relase|Win32.ActiveCfg = Release|x86
		{D104D676-3923-4D94-AD47-A5FEA75484CC}.Relase|Win32.Build.0 = Release|x86
		{D104D676-3923-4D94-AD47-A5FEA75484CC}.Relase|x86.ActiveCfg = Release|x86
		{D104D676-3923-4D94-AD47-A5FEA75484CC}.Relase|x86.Build.0 = Release|x86
		{D104D676-3923-4D94-AD47-A5FEA75484CC}.Release|Any CPU.ActiveCfg = Release|x86
		{D104D676-3923-4D94-AD47-A5FEA75484CC}.Release|Win32.ActiveCfg = Release|x86
		{D104D676-3923-4D94-AD47-A5FEA75484CC}.Release|Win32.Build.0 = Release|x86
		{D104D676-3923-4D94-AD47-A5FEA75484CC}.Release|x86.ActiveCfg = Release|x86
		{D104D676-3923-4D94-AD47-A5FEA75484CC}.Release|x86.Build.0 = Release|x86
		{25DB11D3-9750-4461-B438-13A6BFF69DAA}.Debug|Any CPU.ActiveCfg = Debug|x86
		{25DB11D3-9750-4461-B438-13A6BFF69DAA}.Debug|Win32.ActiveCfg = Debug|x86
		{25DB11D3-9750-4461-B438-13A6BFF69DAA}.Debug|Win32.Build.0 = Debug|x86
		{25DB11D3-9750-4461-B438-13A6BFF69DAA}.Debug|x86.ActiveCfg = Debug|x86
		{25DB11D3-9750-4461-B438-13A6BFF69DAA}.Debug|x86.Build.0 = Debug|x86
		{25DB11D3-9750-4461-B438-13A6BFF69DAA}.Relase|Any CPU.ActiveCfg = Release|x86
		{25DB11D3-9750-4461-B438-13A6BFF69DAA}.Relase|Any CPU.Build.0 = Release|x86
		{25DB11D3-9750-4461-B438-13A6BFF69DAA}.Relase|Win32.ActiveCfg = Release|x86
		{25DB11D3-9750-4461-B438-13A6BFF69DAA}.Relase|Win32.Build.0 = Release|x86
		{25DB11D3-9750-4461-B438-13A6BFF69DAA}.Relase|x86.ActiveCfg = Release|x86
		{25DB11D3-9750-4461-B438-13A6BFF69DAA}.Relase|x86.Build.0 = Release|x86
		{25DB11D3-9750-4461-B438-13A6BFF69DAA}.Release|Any CPU.ActiveCfg = Release|x86
		{25DB11D3-9750-4461-B438-13A6BFF69DAA}.Release|Win32.ActiveCfg = Release|x86
		{25DB11D3-9750-4461-B438-13A6BFF69DAA}.Release|Win32.Build.0 = Release|x86
		{25DB11D3-9750-4461-B438-13A6BFF69DAA}.Release|x86.ActiveCfg = Release|x86
		{25DB11D3-9750-4461-B438-13A6BFF69DAA}.Release|x86.Build.0 = Release|x86
		{15F23D81-8A22-4366-A14F-77E2116D9DBC}.Debug|Any CPU.ActiveCfg = Debug|Any CPU
		{15F23D81-8A22-4366-A14F-77E2116D9DBC}.Debug|Any CPU.Build.0 = Debug|Any CPU
		{15F23D81-8A22-4366-A14F-77E2116D9DBC}.Debug|Win32.ActiveCfg = Debug|Any CPU
		{15F23D81-8A22-4366-A14F-77E2116D9DBC}.Debug|Win32.Build.0 = Debug|Any CPU
		{15F23D81-8A22-4366-A14F-77E2116D9DBC}.Debug|x86.ActiveCfg = Debug|Any CPU
		{15F23D81-8A22-4366-A14F-77E2116D9DBC}.Debug|x86.Build.0 = Debug|Any CPU
		{15F23D81-8A22-4366-A14F-77E2116D9DBC}.Relase|Any CPU.ActiveCfg = Release|Any CPU
		{15F23D81-8A22-4366-A14F-77E2116D9DBC}.Relase|Any CPU.Build.0 = Release|Any CPU
		{15F23D81-8A22-4366-A14F-77E2116D9DBC}.Relase|Win32.ActiveCfg = Release|Any CPU
		{15F23D81-8A22-4366-A14F-77E2116D9DBC}.Relase|Win32.Build.0 = Release|Any CPU
		{15F23D81-8A22-4366-A14F-77E2116D9DBC}.Relase|x86.ActiveCfg = Release|Any CPU
		{15F23D81-8A22-4366-A14F-77E2116D9DBC}.Relase|x86.Build.0 = Release|Any CPU
		{15F23D81-8A22-4366-A14F-77E2116D9DBC}.Release|Any CPU.ActiveCfg = Release|Any CPU
		{15F23D81-8A22-4366-A14F-77E2116D9DBC}.Release|Any CPU.Build.0 = Release|Any CPU
		{15F23D81-8A22-4366-A14F-77E2116D9DBC}.Release|Win32.ActiveCfg = Release|Any CPU
		{15F23D81-8A22-4366-A14F-77E2116D9DBC}.Release|Win32.Build.0 = Release|Any CPU
		{15F23D81-8A22-4366-A14F-77E2116D9DBC}.Release|x86.ActiveCfg = Release|Any CPU
		{15F23D81-8A22-4366-A14F-77E2116D9DBC}.Release|x86.Build.0 = Release|Any CPU
		{4A496BDF-D64E-4954-B0DF-9DE023FF3607}.Debug|Any CPU.ActiveCfg = Debug|Any CPU
		{4A496BDF-D64E-4954-B0DF-9DE023FF3607}.Debug|Any CPU.Build.0 = Debug|Any CPU
		{4A496BDF-D64E-4954-B0DF-9DE023FF3607}.Debug|Win32.ActiveCfg = Debug|Any CPU
		{4A496BDF-D64E-4954-B0DF-9DE023FF3607}.Debug|Win32.Build.0 = Debug|Any CPU
		{4A496BDF-D64E-4954-B0DF-9DE023FF3607}.Debug|x86.ActiveCfg = Debug|Any CPU
		{4A496BDF-D64E-4954-B0DF-9DE023FF3607}.Debug|x86.Build.0 = Debug|Any CPU
		{4A496BDF-D64E-4954-B0DF-9DE023FF3607}.Relase|Any CPU.ActiveCfg = Release|Any CPU
		{4A496BDF-D64E-4954-B0DF-9DE023FF3607}.Relase|Any CPU.Build.0 = Release|Any CPU
		{4A496BDF-D64E-4954-B0DF-9DE023FF3607}.Relase|Win32.ActiveCfg = Release|Any CPU
		{4A496BDF-D64E-4954-B0DF-9DE023FF3607}.Relase|Win32.Build.0 = Release|Any CPU
		{4A496BDF-D64E-4954-B0DF-9DE023FF3607}.Relase|x86.ActiveCfg = Release|Any CPU
		{4A496BDF-D64E-4954-B0DF-9DE023FF3607}.Relase|x86.Build.0 = Release|Any CPU
		{4A496BDF-D64E-4954-B0DF-9DE023FF3607}.Release|Any CPU.ActiveCfg = Release|Any CPU
		{4A496BDF-D64E-4954-B0DF-9DE023FF3607}.Release|Any CPU.Build.0 = Release|Any CPU
		{4A496BDF-D64E-4954-B0DF-9DE023FF3607}.Release|Win32.ActiveCfg = Release|Any CPU
		{4A496BDF-D64E-4954-B0DF-9DE023FF3607}.Release|Win32.Build.0 = Release|Any CPU
		{4A496BDF-D64E-4954-B0DF-9DE023FF3607}.Release|x86.ActiveCfg = Release|Any CPU
		{4A496BDF-D64E-4954-B0DF-9DE023FF3607}.Release|x86.Build.0 = Release|Any CPU
		{9214A3D6-C63B-49E9-9BB3-FBFB26BB6955}.Debug|Any CPU.ActiveCfg = Debug|Any CPU
		{9214A3D6-C63B-49E9-9BB3-FBFB26BB6955}.Debug|Any CPU.Build.0 = Debug|Any CPU
		{9214A3D6-C63B-49E9-9BB3-FBFB26BB6955}.Debug|Win32.ActiveCfg = Debug|Any CPU
		{9214A3D6-C63B-49E9-9BB3-FBFB26BB6955}.Debug|Win32.Build.0 = Debug|Any CPU
		{9214A3D6-C63B-49E9-9BB3-FBFB26BB6955}.Debug|x86.ActiveCfg = Debug|Any CPU
		{9214A3D6-C63B-49E9-9BB3-FBFB26BB6955}.Debug|x86.Build.0 = Debug|Any CPU
		{9214A3D6-C63B-49E9-9BB3-FBFB26BB6955}.Relase|Any CPU.ActiveCfg = Release|Any CPU
		{9214A3D6-C63B-49E9-9BB3-FBFB26BB6955}.Relase|Any CPU.Build.0 = Release|Any CPU
		{9214A3D6-C63B-49E9-9BB3-FBFB26BB6955}.Relase|Win32.ActiveCfg = Release|Any CPU
		{9214A3D6-C63B-49E9-9BB3-FBFB26BB6955}.Relase|Win32.Build.0 = Release|Any CPU
		{9214A3D6-C63B-49E9-9BB3-FBFB26BB6955}.Relase|x86.ActiveCfg = Release|Any CPU
		{9214A3D6-C63B-49E9-9BB3-FBFB26BB6955}.Relase|x86.Build.0 = Release|Any CPU
		{9214A3D6-C63B-49E9-9BB3-FBFB26BB6955}.Release|Any CPU.ActiveCfg = Release|Any CPU
		{9214A3D6-C63B-49E9-9BB3-FBFB26BB6955}.Release|Any CPU.Build.0 = Release|Any CPU
		{9214A3D6-C63B-49E9-9BB3-FBFB26BB6955}.Release|Win32.ActiveCfg = Release|Any CPU
		{9214A3D6-C63B-49E9-9BB3-FBFB26BB6955}.Release|Win32.Build.0 = Release|Any CPU
		{9214A3D6-C63B-49E9-9BB3-FBFB26BB6955}.Release|x86.ActiveCfg = Release|Any CPU
		{9214A3D6-C63B-49E9-9BB3-FBFB26BB6955}.Release|x86.Build.0 = Release|Any CPU
	EndGlobalSection
	GlobalSection(SolutionProperties) = preSolution
		HideSolutionNode = FALSE
	EndGlobalSection
	GlobalSection(ExtensibilityGlobals) = postSolution
		SolutionGuid = {6042877A-A9F1-471A-BA7F-0DE92B3E69DE}
	EndGlobalSection
EndGlobal
